
Microsoft Visual Studio Solution File, Format Version 12.00
# Visual Studio Version 16
VisualStudioVersion = 16.0.30907.101
MinimumVisualStudioVersion = 10.0.40219.1
Project("{9A19103F-16F7-4668-BE54-9A1E7A4F7556}") = "OOP1", "OOP1\OOP1.csproj", "{F0EAE10D-F0F9-4D01-87DC-5B51067A05B1}"
EndProject
Project("{9A19103F-16F7-4668-BE54-9A1E7A4F7556}") = "Koleksiyonlar", "Koleksiyonlar\Koleksiyonlar.csproj", "{DA41965C-4738-42B3-B99B-363FF71FE55F}"
EndProject
Project("{9A19103F-16F7-4668-BE54-9A1E7A4F7556}") = "GenericsIntro", "GenericsIntro\GenericsIntro.csproj", "{A2FDF24A-5B1E-4D83-AC9A-AA0A4C361C76}"
EndProject
Project("{9A19103F-16F7-4668-BE54-9A1E7A4F7556}") = "Generic", "Generic\Generic.csproj", "{F6B3BCCF-9F39-473D-9994-CE0907F231FD}"
EndProject
Project("{9A19103F-16F7-4668-BE54-9A1E7A4F7556}") = "Dictionary", "Dictionary\Dictionary.csproj", "{A547BB92-D6B6-4401-8D7E-EB76B7CF6C4D}"
EndProject
Project("{9A19103F-16F7-4668-BE54-9A1E7A4F7556}") = "OOP2", "OOP2\OOP2.csproj", "{FAE60E9B-4ACA-4EF6-BDB5-7751A8497AD2}"
EndProject
Project("{9A19103F-16F7-4668-BE54-9A1E7A4F7556}") = "OOP3", "OOP3\OOP3.csproj", "{AA4C4899-377E-4ECC-8B8F-8E0DE0F63ECE}"
EndProject
Project("{FAE04EC0-301F-11D3-BF4B-00C04F79EFBC}") = "MyDictionaryHomework", "MyDictionaryHomework\MyDictionaryHomework.csproj", "{C1CD9A6E-AC30-4925-9CBC-AB6EBBB4A46C}"
EndProject
Global
	GlobalSection(SolutionConfigurationPlatforms) = preSolution
		Debug|Any CPU = Debug|Any CPU
		Release|Any CPU = Release|Any CPU
	EndGlobalSection
	GlobalSection(ProjectConfigurationPlatforms) = postSolution
		{F0EAE10D-F0F9-4D01-87DC-5B51067A05B1}.Debug|Any CPU.ActiveCfg = Debug|Any CPU
		{F0EAE10D-F0F9-4D01-87DC-5B51067A05B1}.Debug|Any CPU.Build.0 = Debug|Any CPU
		{F0EAE10D-F0F9-4D01-87DC-5B51067A05B1}.Release|Any CPU.ActiveCfg = Release|Any CPU
		{F0EAE10D-F0F9-4D01-87DC-5B51067A05B1}.Release|Any CPU.Build.0 = Release|Any CPU
		{DA41965C-4738-42B3-B99B-363FF71FE55F}.Debug|Any CPU.ActiveCfg = Debug|Any CPU
		{DA41965C-4738-42B3-B99B-363FF71FE55F}.Debug|Any CPU.Build.0 = Debug|Any CPU
		{DA41965C-4738-42B3-B99B-363FF71FE55F}.Release|Any CPU.ActiveCfg = Release|Any CPU
		{DA41965C-4738-42B3-B99B-363FF71FE55F}.Release|Any CPU.Build.0 = Release|Any CPU
		{A2FDF24A-5B1E-4D83-AC9A-AA0A4C361C76}.Debug|Any CPU.ActiveCfg = Debug|Any CPU
		{A2FDF24A-5B1E-4D83-AC9A-AA0A4C361C76}.Debug|Any CPU.Build.0 = Debug|Any CPU
		{A2FDF24A-5B1E-4D83-AC9A-AA0A4C361C76}.Release|Any CPU.ActiveCfg = Release|Any CPU
		{A2FDF24A-5B1E-4D83-AC9A-AA0A4C361C76}.Release|Any CPU.Build.0 = Release|Any CPU
		{F6B3BCCF-9F39-473D-9994-CE0907F231FD}.Debug|Any CPU.ActiveCfg = Debug|Any CPU
		{F6B3BCCF-9F39-473D-9994-CE0907F231FD}.Debug|Any CPU.Build.0 = Debug|Any CPU
		{F6B3BCCF-9F39-473D-9994-CE0907F231FD}.Release|Any CPU.ActiveCfg = Release|Any CPU
		{F6B3BCCF-9F39-473D-9994-CE0907F231FD}.Release|Any CPU.Build.0 = Release|Any CPU
		{A547BB92-D6B6-4401-8D7E-EB76B7CF6C4D}.Debug|Any CPU.ActiveCfg = Debug|Any CPU
		{A547BB92-D6B6-4401-8D7E-EB76B7CF6C4D}.Debug|Any CPU.Build.0 = Debug|Any CPU
		{A547BB92-D6B6-4401-8D7E-EB76B7CF6C4D}.Release|Any CPU.ActiveCfg = Release|Any CPU
		{A547BB92-D6B6-4401-8D7E-EB76B7CF6C4D}.Release|Any CPU.Build.0 = Release|Any CPU
		{FAE60E9B-4ACA-4EF6-BDB5-7751A8497AD2}.Debug|Any CPU.ActiveCfg = Debug|Any CPU
		{FAE60E9B-4ACA-4EF6-BDB5-7751A8497AD2}.Debug|Any CPU.Build.0 = Debug|Any CPU
		{FAE60E9B-4ACA-4EF6-BDB5-7751A8497AD2}.Release|Any CPU.ActiveCfg = Release|Any CPU
		{FAE60E9B-4ACA-4EF6-BDB5-7751A8497AD2}.Release|Any CPU.Build.0 = Release|Any CPU
		{AA4C4899-377E-4ECC-8B8F-8E0DE0F63ECE}.Debug|Any CPU.ActiveCfg = Debug|Any CPU
		{AA4C4899-377E-4ECC-8B8F-8E0DE0F63ECE}.Debug|Any CPU.Build.0 = Debug|Any CPU
		{AA4C4899-377E-4ECC-8B8F-8E0DE0F63ECE}.Release|Any CPU.ActiveCfg = Release|Any CPU
		{AA4C4899-377E-4ECC-8B8F-8E0DE0F63ECE}.Release|Any CPU.Build.0 = Release|Any CPU
		{C1CD9A6E-AC30-4925-9CBC-AB6EBBB4A46C}.Debug|Any CPU.ActiveCfg = Debug|Any CPU
		{C1CD9A6E-AC30-4925-9CBC-AB6EBBB4A46C}.Debug|Any CPU.Build.0 = Debug|Any CPU
		{C1CD9A6E-AC30-4925-9CBC-AB6EBBB4A46C}.Release|Any CPU.ActiveCfg = Release|Any CPU
		{C1CD9A6E-AC30-4925-9CBC-AB6EBBB4A46C}.Release|Any CPU.Build.0 = Release|Any CPU
	EndGlobalSection
	GlobalSection(SolutionProperties) = preSolution
		HideSolutionNode = FALSE
	EndGlobalSection
	GlobalSection(ExtensibilityGlobals) = postSolution
		SolutionGuid = {D1AB7EF0-608C-4319-943A-70AAF26581B5}
	EndGlobalSection
EndGlobal
