
Microsoft Visual Studio Solution File, Format Version 12.00
# Visual Studio Version 16
VisualStudioVersion = 16.0.30907.101
MinimumVisualStudioVersion = 10.0.40219.1
Project("{FAE04EC0-301F-11D3-BF4B-00C04F79EFBC}") = "ClassMetotDemo", "ClassMetotDemo\ClassMetotDemo.csproj", "{C771B2F9-FBB8-427A-A5C1-210825F3760F}"
EndProject
Global
	GlobalSection(SolutionConfigurationPlatforms) = preSolution
		Debug|Any CPU = Debug|Any CPU
		Release|Any CPU = Release|Any CPU
	EndGlobalSection
	GlobalSection(ProjectConfigurationPlatforms) = postSolution
		{C771B2F9-FBB8-427A-A5C1-210825F3760F}.Debug|Any CPU.ActiveCfg = Debug|Any CPU
		{C771B2F9-FBB8-427A-A5C1-210825F3760F}.Debug|Any CPU.Build.0 = Debug|Any CPU
		{C771B2F9-FBB8-427A-A5C1-210825F3760F}.Release|Any CPU.ActiveCfg = Release|Any CPU
		{C771B2F9-FBB8-427A-A5C1-210825F3760F}.Release|Any CPU.Build.0 = Release|Any CPU
	EndGlobalSection
	GlobalSection(SolutionProperties) = preSolution
		HideSolutionNode = FALSE
	EndGlobalSection
	GlobalSection(ExtensibilityGlobals) = postSolution
		SolutionGuid = {E41FD988-8A1E-423E-8EA7-9808A749A5DE}
	EndGlobalSection
EndGlobal
